// !$*UTF8*$!
{
	archiveVersion = 1;
	classes = {
	};
	objectVersion = 50;
	objects = {

/* Begin PBXBuildFile section */
		19840BC623697A2900C4A2FE /* ACSlider.m in Sources */ = {isa = PBXBuildFile; fileRef = 19840BC523697A2900C4A2FE /* ACSlider.m */; };
		19840BC923697B6E00C4A2FE /* 按钮@3x.png in Resources */ = {isa = PBXBuildFile; fileRef = 19840BC723697B6D00C4A2FE /* 按钮@3x.png */; };
		19840BCA23697B6E00C4A2FE /* 按钮@2x.png in Resources */ = {isa = PBXBuildFile; fileRef = 19840BC823697B6E00C4A2FE /* 按钮@2x.png */; };
		19F5205422F2C35800083D43 /* LineStyle-ItemWidth.png in Resources */ = {isa = PBXBuildFile; fileRef = 19F5205022F2C35200083D43 /* LineStyle-ItemWidth.png */; };
		19F5205522F2C35800083D43 /* LineStyle.png in Resources */ = {isa = PBXBuildFile; fileRef = 19F5205122F2C35300083D43 /* LineStyle.png */; };
		19F5205622F2C35800083D43 /* defaultStyle-ItemWidth.png in Resources */ = {isa = PBXBuildFile; fileRef = 19F5205222F2C35400083D43 /* defaultStyle-ItemWidth.png */; };
		19F5205722F2C35800083D43 /* defaultStyle.png in Resources */ = {isa = PBXBuildFile; fileRef = 19F5205322F2C35500083D43 /* defaultStyle.png */; };
		73ECB6368BA9E2C4D952D8B7 /* libPods-ACScrollMenuView.a in Frameworks */ = {isa = PBXBuildFile; fileRef = 327D42C4410E6ECABF0A1C48 /* libPods-ACScrollMenuView.a */; };
		FA002D5320EC687900D0077A /* ACAppDelegate.m in Sources */ = {isa = PBXBuildFile; fileRef = FA002D5220EC687900D0077A /* ACAppDelegate.m */; };
		FA002D5620EC687900D0077A /* ACViewController.m in Sources */ = {isa = PBXBuildFile; fileRef = FA002D5520EC687900D0077A /* ACViewController.m */; };
		FA002D5920EC687900D0077A /* Main.storyboard in Resources */ = {isa = PBXBuildFile; fileRef = FA002D5720EC687900D0077A /* Main.storyboard */; };
		FA002D5B20EC687A00D0077A /* Assets.xcassets in Resources */ = {isa = PBXBuildFile; fileRef = FA002D5A20EC687A00D0077A /* Assets.xcassets */; };
		FA002D5E20EC687A00D0077A /* LaunchScreen.storyboard in Resources */ = {isa = PBXBuildFile; fileRef = FA002D5C20EC687A00D0077A /* LaunchScreen.storyboard */; };
		FA002D6120EC687A00D0077A /* main.m in Sources */ = {isa = PBXBuildFile; fileRef = FA002D6020EC687A00D0077A /* main.m */; };
		FA002D6A20EC691900D0077A /* ACScrollMenuView.m in Sources */ = {isa = PBXBuildFile; fileRef = FA002D6920EC691900D0077A /* ACScrollMenuView.m */; };
		FA002D7020EC6A8E00D0077A /* ACScrollMenuCollectionView.m in Sources */ = {isa = PBXBuildFile; fileRef = FA002D6F20EC6A8E00D0077A /* ACScrollMenuCollectionView.m */; };
		FA002D7520EC719B00D0077A /* ACScrollMenuCollectionCell.m in Sources */ = {isa = PBXBuildFile; fileRef = FA002D7420EC719B00D0077A /* ACScrollMenuCollectionCell.m */; };
		FA002D7920EC780500D0077A /* UIColor+ACAdd.m in Sources */ = {isa = PBXBuildFile; fileRef = FA002D7820EC780500D0077A /* UIColor+ACAdd.m */; };
		FA002D7C20EC981E00D0077A /* ACScrollMenuConfig.m in Sources */ = {isa = PBXBuildFile; fileRef = FA002D7B20EC981E00D0077A /* ACScrollMenuConfig.m */; };
/* End PBXBuildFile section */

/* Begin PBXFileReference section */
		19840BC423697A2900C4A2FE /* ACSlider.h */ = {isa = PBXFileReference; fileEncoding = 4; lastKnownFileType = sourcecode.c.h; path = ACSlider.h; sourceTree = "<group>"; };
		19840BC523697A2900C4A2FE /* ACSlider.m */ = {isa = PBXFileReference; fileEncoding = 4; lastKnownFileType = sourcecode.c.objc; path = ACSlider.m; sourceTree = "<group>"; };
		19840BC723697B6D00C4A2FE /* 按钮@3x.png */ = {isa = PBXFileReference; lastKnownFileType = image.png; path = "按钮@3x.png"; sourceTree = "<group>"; };
		19840BC823697B6E00C4A2FE /* 按钮@2x.png */ = {isa = PBXFileReference; lastKnownFileType = image.png; path = "按钮@2x.png"; sourceTree = "<group>"; };
		19F5205022F2C35200083D43 /* LineStyle-ItemWidth.png */ = {isa = PBXFileReference; lastKnownFileType = image.png; path = "LineStyle-ItemWidth.png"; sourceTree = "<group>"; };
		19F5205122F2C35300083D43 /* LineStyle.png */ = {isa = PBXFileReference; lastKnownFileType = image.png; path = LineStyle.png; sourceTree = "<group>"; };
		19F5205222F2C35400083D43 /* defaultStyle-ItemWidth.png */ = {isa = PBXFileReference; lastKnownFileType = image.png; path = "defaultStyle-ItemWidth.png"; sourceTree = "<group>"; };
		19F5205322F2C35500083D43 /* defaultStyle.png */ = {isa = PBXFileReference; lastKnownFileType = image.png; path = defaultStyle.png; sourceTree = "<group>"; };
		327D42C4410E6ECABF0A1C48 /* libPods-ACScrollMenuView.a */ = {isa = PBXFileReference; explicitFileType = archive.ar; includeInIndex = 0; path = "libPods-ACScrollMenuView.a"; sourceTree = BUILT_PRODUCTS_DIR; };
		8F401FFF3756454687D9FD8D /* Pods-ACScrollMenuView.debug.xcconfig */ = {isa = PBXFileReference; includeInIndex = 1; lastKnownFileType = text.xcconfig; name = "Pods-ACScrollMenuView.debug.xcconfig"; path = "Pods/Target Support Files/Pods-ACScrollMenuView/Pods-ACScrollMenuView.debug.xcconfig"; sourceTree = "<group>"; };
		AFA1E61D447D8BF889968E2D /* Pods-ACScrollMenuView.release.xcconfig */ = {isa = PBXFileReference; includeInIndex = 1; lastKnownFileType = text.xcconfig; name = "Pods-ACScrollMenuView.release.xcconfig"; path = "Pods/Target Support Files/Pods-ACScrollMenuView/Pods-ACScrollMenuView.release.xcconfig"; sourceTree = "<group>"; };
		FA002D4E20EC687900D0077A /* ACScrollMenuView.app */ = {isa = PBXFileReference; explicitFileType = wrapper.application; includeInIndex = 0; path = ACScrollMenuView.app; sourceTree = BUILT_PRODUCTS_DIR; };
		FA002D5120EC687900D0077A /* ACAppDelegate.h */ = {isa = PBXFileReference; lastKnownFileType = sourcecode.c.h; path = ACAppDelegate.h; sourceTree = "<group>"; };
		FA002D5220EC687900D0077A /* ACAppDelegate.m */ = {isa = PBXFileReference; lastKnownFileType = sourcecode.c.objc; path = ACAppDelegate.m; sourceTree = "<group>"; };
		FA002D5420EC687900D0077A /* ACViewController.h */ = {isa = PBXFileReference; lastKnownFileType = sourcecode.c.h; path = ACViewController.h; sourceTree = "<group>"; };
		FA002D5520EC687900D0077A /* ACViewController.m */ = {isa = PBXFileReference; lastKnownFileType = sourcecode.c.objc; path = ACViewController.m; sourceTree = "<group>"; };
		FA002D5820EC687900D0077A /* Base */ = {isa = PBXFileReference; lastKnownFileType = file.storyboard; name = Base; path = Base.lproj/Main.storyboard; sourceTree = "<group>"; };
		FA002D5A20EC687A00D0077A /* Assets.xcassets */ = {isa = PBXFileReference; lastKnownFileType = folder.assetcatalog; path = Assets.xcassets; sourceTree = "<group>"; };
		FA002D5D20EC687A00D0077A /* Base */ = {isa = PBXFileReference; lastKnownFileType = file.storyboard; name = Base; path = Base.lproj/LaunchScreen.storyboard; sourceTree = "<group>"; };
		FA002D5F20EC687A00D0077A /* Info.plist */ = {isa = PBXFileReference; lastKnownFileType = text.plist.xml; path = Info.plist; sourceTree = "<group>"; };
		FA002D6020EC687A00D0077A /* main.m */ = {isa = PBXFileReference; lastKnownFileType = sourcecode.c.objc; path = main.m; sourceTree = "<group>"; };
		FA002D6820EC691900D0077A /* ACScrollMenuView.h */ = {isa = PBXFileReference; lastKnownFileType = sourcecode.c.h; path = ACScrollMenuView.h; sourceTree = "<group>"; };
		FA002D6920EC691900D0077A /* ACScrollMenuView.m */ = {isa = PBXFileReference; lastKnownFileType = sourcecode.c.objc; path = ACScrollMenuView.m; sourceTree = "<group>"; };
		FA002D6E20EC6A8E00D0077A /* ACScrollMenuCollectionView.h */ = {isa = PBXFileReference; lastKnownFileType = sourcecode.c.h; path = ACScrollMenuCollectionView.h; sourceTree = "<group>"; };
		FA002D6F20EC6A8E00D0077A /* ACScrollMenuCollectionView.m */ = {isa = PBXFileReference; lastKnownFileType = sourcecode.c.objc; path = ACScrollMenuCollectionView.m; sourceTree = "<group>"; };
		FA002D7220EC6E5A00D0077A /* ACScrollMenuPrefixHeader.h */ = {isa = PBXFileReference; lastKnownFileType = sourcecode.c.h; path = ACScrollMenuPrefixHeader.h; sourceTree = "<group>"; };
		FA002D7320EC719B00D0077A /* ACScrollMenuCollectionCell.h */ = {isa = PBXFileReference; lastKnownFileType = sourcecode.c.h; path = ACScrollMenuCollectionCell.h; sourceTree = "<group>"; };
		FA002D7420EC719B00D0077A /* ACScrollMenuCollectionCell.m */ = {isa = PBXFileReference; lastKnownFileType = sourcecode.c.objc; path = ACScrollMenuCollectionCell.m; sourceTree = "<group>"; };
		FA002D7720EC780500D0077A /* UIColor+ACAdd.h */ = {isa = PBXFileReference; lastKnownFileType = sourcecode.c.h; path = "UIColor+ACAdd.h"; sourceTree = "<group>"; };
		FA002D7820EC780500D0077A /* UIColor+ACAdd.m */ = {isa = PBXFileReference; lastKnownFileType = sourcecode.c.objc; path = "UIColor+ACAdd.m"; sourceTree = "<group>"; };
		FA002D7A20EC981E00D0077A /* ACScrollMenuConfig.h */ = {isa = PBXFileReference; lastKnownFileType = sourcecode.c.h; path = ACScrollMenuConfig.h; sourceTree = "<group>"; };
		FA002D7B20EC981E00D0077A /* ACScrollMenuConfig.m */ = {isa = PBXFileReference; lastKnownFileType = sourcecode.c.objc; path = ACScrollMenuConfig.m; sourceTree = "<group>"; };
/* End PBXFileReference section */

/* Begin PBXFrameworksBuildPhase section */
		FA002D4B20EC687900D0077A /* Frameworks */ = {
			isa = PBXFrameworksBuildPhase;
			buildActionMask = 2147483647;
			files = (
				73ECB6368BA9E2C4D952D8B7 /* libPods-ACScrollMenuView.a in Frameworks */,
			);
			runOnlyForDeploymentPostprocessing = 0;
		};
/* End PBXFrameworksBuildPhase section */

/* Begin PBXGroup section */
		19840BC3236979E800C4A2FE /* ACSlider */ = {
			isa = PBXGroup;
			children = (
				19840BC423697A2900C4A2FE /* ACSlider.h */,
				19840BC523697A2900C4A2FE /* ACSlider.m */,
				19840BC823697B6E00C4A2FE /* 按钮@2x.png */,
				19840BC723697B6D00C4A2FE /* 按钮@3x.png */,
			);
			path = ACSlider;
			sourceTree = "<group>";
		};
		19840BCB23697D4C00C4A2FE /* ACTest */ = {
			isa = PBXGroup;
			children = (
			);
			path = ACTest;
			sourceTree = "<group>";
		};
		D5EB94F7EB7D1044ABB670FD /* Frameworks */ = {
			isa = PBXGroup;
			children = (
				327D42C4410E6ECABF0A1C48 /* libPods-ACScrollMenuView.a */,
			);
			name = Frameworks;
			sourceTree = "<group>";
		};
		EC58518A6AB1BDEA2834F9FC /* Pods */ = {
			isa = PBXGroup;
			children = (
				8F401FFF3756454687D9FD8D /* Pods-ACScrollMenuView.debug.xcconfig */,
				AFA1E61D447D8BF889968E2D /* Pods-ACScrollMenuView.release.xcconfig */,
			);
			name = Pods;
			sourceTree = "<group>";
		};
		FA002D4520EC687900D0077A = {
			isa = PBXGroup;
			children = (
				FA002D5020EC687900D0077A /* ACScrollMenuView */,
				FA002D4F20EC687900D0077A /* Products */,
				EC58518A6AB1BDEA2834F9FC /* Pods */,
				D5EB94F7EB7D1044ABB670FD /* Frameworks */,
			);
			sourceTree = "<group>";
		};
		FA002D4F20EC687900D0077A /* Products */ = {
			isa = PBXGroup;
			children = (
				FA002D4E20EC687900D0077A /* ACScrollMenuView.app */,
			);
			name = Products;
			sourceTree = "<group>";
		};
		FA002D5020EC687900D0077A /* ACScrollMenuView */ = {
			isa = PBXGroup;
			children = (
				FA002D7120EC6E0A00D0077A /* OtherInfo */,
				19840BC3236979E800C4A2FE /* ACSlider */,
				FA002D6720EC68AE00D0077A /* ACScrollMenuView */,
			);
			path = ACScrollMenuView;
			sourceTree = "<group>";
		};
		FA002D6720EC68AE00D0077A /* ACScrollMenuView */ = {
			isa = PBXGroup;
			children = (
				FA002D6E20EC6A8E00D0077A /* ACScrollMenuCollectionView.h */,
				FA002D6F20EC6A8E00D0077A /* ACScrollMenuCollectionView.m */,
				FA002D6820EC691900D0077A /* ACScrollMenuView.h */,
				FA002D6920EC691900D0077A /* ACScrollMenuView.m */,
				FA002D7320EC719B00D0077A /* ACScrollMenuCollectionCell.h */,
				FA002D7420EC719B00D0077A /* ACScrollMenuCollectionCell.m */,
				FA002D7720EC780500D0077A /* UIColor+ACAdd.h */,
				FA002D7820EC780500D0077A /* UIColor+ACAdd.m */,
				FA002D7A20EC981E00D0077A /* ACScrollMenuConfig.h */,
				FA002D7B20EC981E00D0077A /* ACScrollMenuConfig.m */,
			);
			path = ACScrollMenuView;
			sourceTree = "<group>";
		};
		FA002D7120EC6E0A00D0077A /* OtherInfo */ = {
			isa = PBXGroup;
			children = (
				19840BCB23697D4C00C4A2FE /* ACTest */,
				FA002D5F20EC687A00D0077A /* Info.plist */,
				FA002D6020EC687A00D0077A /* main.m */,
				FA002D5120EC687900D0077A /* ACAppDelegate.h */,
				FA002D5220EC687900D0077A /* ACAppDelegate.m */,
				FA002D5420EC687900D0077A /* ACViewController.h */,
				FA002D5520EC687900D0077A /* ACViewController.m */,
				FA002D5720EC687900D0077A /* Main.storyboard */,
				FA002D5A20EC687A00D0077A /* Assets.xcassets */,
				FA002D5C20EC687A00D0077A /* LaunchScreen.storyboard */,
				FA002D7220EC6E5A00D0077A /* ACScrollMenuPrefixHeader.h */,
				FA002D7D20ECD67B00D0077A /* ReadMeShowPicture */,
			);
			path = OtherInfo;
			sourceTree = "<group>";
		};
		FA002D7D20ECD67B00D0077A /* ReadMeShowPicture */ = {
			isa = PBXGroup;
			children = (
				19F5205222F2C35400083D43 /* defaultStyle-ItemWidth.png */,
				19F5205322F2C35500083D43 /* defaultStyle.png */,
				19F5205022F2C35200083D43 /* LineStyle-ItemWidth.png */,
				19F5205122F2C35300083D43 /* LineStyle.png */,
			);
			path = ReadMeShowPicture;
			sourceTree = "<group>";
		};
/* End PBXGroup section */

/* Begin PBXNativeTarget section */
		FA002D4D20EC687900D0077A /* ACScrollMenuView */ = {
			isa = PBXNativeTarget;
			buildConfigurationList = FA002D6420EC687A00D0077A /* Build configuration list for PBXNativeTarget "ACScrollMenuView" */;
			buildPhases = (
				D994739BF3800D4387017311 /* [CP] Check Pods Manifest.lock */,
				FA002D4A20EC687900D0077A /* Sources */,
				FA002D4B20EC687900D0077A /* Frameworks */,
				FA002D4C20EC687900D0077A /* Resources */,
			);
			buildRules = (
			);
			dependencies = (
			);
			name = ACScrollMenuView;
			productName = ACScrollMenuView;
			productReference = FA002D4E20EC687900D0077A /* ACScrollMenuView.app */;
			productType = "com.apple.product-type.application";
		};
/* End PBXNativeTarget section */

/* Begin PBXProject section */
		FA002D4620EC687900D0077A /* Project object */ = {
			isa = PBXProject;
			attributes = {
				LastUpgradeCheck = 0940;
				ORGANIZATIONNAME = AlexCorleone;
				TargetAttributes = {
					FA002D4D20EC687900D0077A = {
						CreatedOnToolsVersion = 9.4.1;
					};
				};
			};
			buildConfigurationList = FA002D4920EC687900D0077A /* Build configuration list for PBXProject "ACScrollMenuView" */;
			compatibilityVersion = "Xcode 9.3";
			developmentRegion = en;
			hasScannedForEncodings = 0;
			knownRegions = (
				en,
				Base,
			);
			mainGroup = FA002D4520EC687900D0077A;
			productRefGroup = FA002D4F20EC687900D0077A /* Products */;
			projectDirPath = "";
			projectRoot = "";
			targets = (
				FA002D4D20EC687900D0077A /* ACScrollMenuView */,
			);
		};
/* End PBXProject section */

/* Begin PBXResourcesBuildPhase section */
		FA002D4C20EC687900D0077A /* Resources */ = {
			isa = PBXResourcesBuildPhase;
			buildActionMask = 2147483647;
			files = (
				FA002D5E20EC687A00D0077A /* LaunchScreen.storyboard in Resources */,
				19F5205622F2C35800083D43 /* defaultStyle-ItemWidth.png in Resources */,
				19F5205522F2C35800083D43 /* LineStyle.png in Resources */,
				FA002D5B20EC687A00D0077A /* Assets.xcassets in Resources */,
				19F5205722F2C35800083D43 /* defaultStyle.png in Resources */,
				FA002D5920EC687900D0077A /* Main.storyboard in Resources */,
				19840BCA23697B6E00C4A2FE /* 按钮@2x.png in Resources */,
				19840BC923697B6E00C4A2FE /* 按钮@3x.png in Resources */,
				19F5205422F2C35800083D43 /* LineStyle-ItemWidth.png in Resources */,
			);
			runOnlyForDeploymentPostprocessing = 0;
		};
/* End PBXResourcesBuildPhase section */

/* Begin PBXShellScriptBuildPhase section */
		D994739BF3800D4387017311 /* [CP] Check Pods Manifest.lock */ = {
			isa = PBXShellScriptBuildPhase;
			buildActionMask = 2147483647;
			files = (
			);
			inputPaths = (
				"${PODS_PODFILE_DIR_PATH}/Podfile.lock",
				"${PODS_ROOT}/Manifest.lock",
			);
			name = "[CP] Check Pods Manifest.lock";
			outputPaths = (
				"$(DERIVED_FILE_DIR)/Pods-ACScrollMenuView-checkManifestLockResult.txt",
			);
			runOnlyForDeploymentPostprocessing = 0;
			shellPath = /bin/sh;
			shellScript = "diff \"${PODS_PODFILE_DIR_PATH}/Podfile.lock\" \"${PODS_ROOT}/Manifest.lock\" > /dev/null\nif [ $? != 0 ] ; then\n    # print error to STDERR\n    echo \"error: The sandbox is not in sync with the Podfile.lock. Run 'pod install' or update your CocoaPods installation.\" >&2\n    exit 1\nfi\n# This output is used by Xcode 'outputs' to avoid re-running this script phase.\necho \"SUCCESS\" > \"${SCRIPT_OUTPUT_FILE_0}\"\n";
			showEnvVarsInLog = 0;
		};
/* End PBXShellScriptBuildPhase section */

/* Begin PBXSourcesBuildPhase section */
		FA002D4A20EC687900D0077A /* Sources */ = {
			isa = PBXSourcesBuildPhase;
			buildActionMask = 2147483647;
			files = (
				FA002D7020EC6A8E00D0077A /* ACScrollMenuCollectionView.m in Sources */,
				FA002D6A20EC691900D0077A /* ACScrollMenuView.m in Sources */,
				FA002D5620EC687900D0077A /* ACViewController.m in Sources */,
				FA002D6120EC687A00D0077A /* main.m in Sources */,
				FA002D5320EC687900D0077A /* ACAppDelegate.m in Sources */,
				FA002D7520EC719B00D0077A /* ACScrollMenuCollectionCell.m in Sources */,
				FA002D7C20EC981E00D0077A /* ACScrollMenuConfig.m in Sources */,
				FA002D7920EC780500D0077A /* UIColor+ACAdd.m in Sources */,
				19840BC623697A2900C4A2FE /* ACSlider.m in Sources */,
			);
			runOnlyForDeploymentPostprocessing = 0;
		};
/* End PBXSourcesBuildPhase section */

/* Begin PBXVariantGroup section */
		FA002D5720EC687900D0077A /* Main.storyboard */ = {
			isa = PBXVariantGroup;
			children = (
				FA002D5820EC687900D0077A /* Base */,
			);
			name = Main.storyboard;
			sourceTree = "<group>";
		};
		FA002D5C20EC687A00D0077A /* LaunchScreen.storyboard */ = {
			isa = PBXVariantGroup;
			children = (
				FA002D5D20EC687A00D0077A /* Base */,
			);
			name = LaunchScreen.storyboard;
			sourceTree = "<group>";
		};
/* End PBXVariantGroup section */

/* Begin XCBuildConfiguration section */
		FA002D6220EC687A00D0077A /* Debug */ = {
			isa = XCBuildConfiguration;
			buildSettings = {
				ALWAYS_SEARCH_USER_PATHS = NO;
				CLANG_ANALYZER_NONNULL = YES;
				CLANG_ANALYZER_NUMBER_OBJECT_CONVERSION = YES_AGGRESSIVE;
				CLANG_CXX_LANGUAGE_STANDARD = "gnu++14";
				CLANG_CXX_LIBRARY = "libc++";
				CLANG_ENABLE_MODULES = YES;
				CLANG_ENABLE_OBJC_ARC = YES;
				CLANG_ENABLE_OBJC_WEAK = YES;
				CLANG_WARN_BLOCK_CAPTURE_AUTORELEASING = YES;
				CLANG_WARN_BOOL_CONVERSION = YES;
				CLANG_WARN_COMMA = YES;
				CLANG_WARN_CONSTANT_CONVERSION = YES;
				CLANG_WARN_DEPRECATED_OBJC_IMPLEMENTATIONS = YES;
				CLANG_WARN_DIRECT_OBJC_ISA_USAGE = YES_ERROR;
				CLANG_WARN_DOCUMENTATION_COMMENTS = YES;
				CLANG_WARN_EMPTY_BODY = YES;
				CLANG_WARN_ENUM_CONVERSION = YES;
				CLANG_WARN_INFINITE_RECURSION = YES;
				CLANG_WARN_INT_CONVERSION = YES;
				CLANG_WARN_NON_LITERAL_NULL_CONVERSION = YES;
				CLANG_WARN_OBJC_IMPLICIT_RETAIN_SELF = YES;
				CLANG_WARN_OBJC_LITERAL_CONVERSION = YES;
				CLANG_WARN_OBJC_ROOT_CLASS = YES_ERROR;
				CLANG_WARN_RANGE_LOOP_ANALYSIS = YES;
				CLANG_WARN_STRICT_PROTOTYPES = YES;
				CLANG_WARN_SUSPICIOUS_MOVE = YES;
				CLANG_WARN_UNGUARDED_AVAILABILITY = YES_AGGRESSIVE;
				CLANG_WARN_UNREACHABLE_CODE = YES;
				CLANG_WARN__DUPLICATE_METHOD_MATCH = YES;
				CODE_SIGN_IDENTITY = "iPhone Developer";
				COPY_PHASE_STRIP = NO;
				DEBUG_INFORMATION_FORMAT = dwarf;
				ENABLE_STRICT_OBJC_MSGSEND = YES;
				ENABLE_TESTABILITY = YES;
				GCC_C_LANGUAGE_STANDARD = gnu11;
				GCC_DYNAMIC_NO_PIC = NO;
				GCC_NO_COMMON_BLOCKS = YES;
				GCC_OPTIMIZATION_LEVEL = 0;
				GCC_PREPROCESSOR_DEFINITIONS = (
					"DEBUG=1",
					"$(inherited)",
				);
				GCC_WARN_64_TO_32_BIT_CONVERSION = YES;
				GCC_WARN_ABOUT_RETURN_TYPE = YES_ERROR;
				GCC_WARN_UNDECLARED_SELECTOR = YES;
				GCC_WARN_UNINITIALIZED_AUTOS = YES_AGGRESSIVE;
				GCC_WARN_UNUSED_FUNCTION = YES;
				GCC_WARN_UNUSED_VARIABLE = YES;
				IPHONEOS_DEPLOYMENT_TARGET = 11.4;
				MTL_ENABLE_DEBUG_INFO = YES;
				ONLY_ACTIVE_ARCH = YES;
				SDKROOT = iphoneos;
			};
			name = Debug;
		};
		FA002D6320EC687A00D0077A /* Release */ = {
			isa = XCBuildConfiguration;
			buildSettings = {
				ALWAYS_SEARCH_USER_PATHS = NO;
				CLANG_ANALYZER_NONNULL = YES;
				CLANG_ANALYZER_NUMBER_OBJECT_CONVERSION = YES_AGGRESSIVE;
				CLANG_CXX_LANGUAGE_STANDARD = "gnu++14";
				CLANG_CXX_LIBRARY = "libc++";
				CLANG_ENABLE_MODULES = YES;
				CLANG_ENABLE_OBJC_ARC = YES;
				CLANG_ENABLE_OBJC_WEAK = YES;
				CLANG_WARN_BLOCK_CAPTURE_AUTORELEASING = YES;
				CLANG_WARN_BOOL_CONVERSION = YES;
				CLANG_WARN_COMMA = YES;
				CLANG_WARN_CONSTANT_CONVERSION = YES;
				CLANG_WARN_DEPRECATED_OBJC_IMPLEMENTATIONS = YES;
				CLANG_WARN_DIRECT_OBJC_ISA_USAGE = YES_ERROR;
				CLANG_WARN_DOCUMENTATION_COMMENTS = YES;
				CLANG_WARN_EMPTY_BODY = YES;
				CLANG_WARN_ENUM_CONVERSION = YES;
				CLANG_WARN_INFINITE_RECURSION = YES;
				CLANG_WARN_INT_CONVERSION = YES;
				CLANG_WARN_NON_LITERAL_NULL_CONVERSION = YES;
				CLANG_WARN_OBJC_IMPLICIT_RETAIN_SELF = YES;
				CLANG_WARN_OBJC_LITERAL_CONVERSION = YES;
				CLANG_WARN_OBJC_ROOT_CLASS = YES_ERROR;
				CLANG_WARN_RANGE_LOOP_ANALYSIS = YES;
				CLANG_WARN_STRICT_PROTOTYPES = YES;
				CLANG_WARN_SUSPICIOUS_MOVE = YES;
				CLANG_WARN_UNGUARDED_AVAILABILITY = YES_AGGRESSIVE;
				CLANG_WARN_UNREACHABLE_CODE = YES;
				CLANG_WARN__DUPLICATE_METHOD_MATCH = YES;
				CODE_SIGN_IDENTITY = "iPhone Developer";
				COPY_PHASE_STRIP = NO;
				DEBUG_INFORMATION_FORMAT = "dwarf-with-dsym";
				ENABLE_NS_ASSERTIONS = NO;
				ENABLE_STRICT_OBJC_MSGSEND = YES;
				GCC_C_LANGUAGE_STANDARD = gnu11;
				GCC_NO_COMMON_BLOCKS = YES;
				GCC_WARN_64_TO_32_BIT_CONVERSION = YES;
				GCC_WARN_ABOUT_RETURN_TYPE = YES_ERROR;
				GCC_WARN_UNDECLARED_SELECTOR = YES;
				GCC_WARN_UNINITIALIZED_AUTOS = YES_AGGRESSIVE;
				GCC_WARN_UNUSED_FUNCTION = YES;
				GCC_WARN_UNUSED_VARIABLE = YES;
				IPHONEOS_DEPLOYMENT_TARGET = 11.4;
				MTL_ENABLE_DEBUG_INFO = NO;
				SDKROOT = iphoneos;
				VALIDATE_PRODUCT = YES;
			};
			name = Release;
		};
		FA002D6520EC687A00D0077A /* Debug */ = {
			isa = XCBuildConfiguration;
			baseConfigurationReference = 8F401FFF3756454687D9FD8D /* Pods-ACScrollMenuView.debug.xcconfig */;
			buildSettings = {
				ASSETCATALOG_COMPILER_APPICON_NAME = AppIcon;
				CODE_SIGN_STYLE = Automatic;
				DEVELOPMENT_TEAM = 63S88Z2GR6;
				GCC_PREFIX_HEADER = "$(SRCROOT)/ACScrollMenuView/OtherInfo/ACScrollMenuPrefixHeader.h";
				INFOPLIST_FILE = "$(SRCROOT)/ACScrollMenuView/OtherInfo/Info.plist";
				LD_RUNPATH_SEARCH_PATHS = (
					"$(inherited)",
					"@executable_path/Frameworks",
				);
				PRODUCT_BUNDLE_IDENTIFIER = Alex.ACScrollMenuView;
				PRODUCT_NAME = "$(TARGET_NAME)";
				TARGETED_DEVICE_FAMILY = "1,2";
			};
			name = Debug;
		};
		FA002D6620EC687A00D0077A /* Release */ = {
			isa = XCBuildConfiguration;
			baseConfigurationReference = AFA1E61D447D8BF889968E2D /* Pods-ACScrollMenuView.release.xcconfig */;
			buildSettings = {
				ASSETCATALOG_COMPILER_APPICON_NAME = AppIcon;
				CODE_SIGN_STYLE = Automatic;
				DEVELOPMENT_TEAM = 63S88Z2GR6;
				GCC_PREFIX_HEADER = "$(SRCROOT)/ACScrollMenuView/OtherInfo/ACScrollMenuPrefixHeader.h";
				INFOPLIST_FILE = "$(SRCROOT)/ACScrollMenuView/OtherInfo/Info.plist";
				LD_RUNPATH_SEARCH_PATHS = (
					"$(inherited)",
					"@executable_path/Frameworks",
				);
				PRODUCT_BUNDLE_IDENTIFIER = Alex.ACScrollMenuView;
				PRODUCT_NAME = "$(TARGET_NAME)";
				TARGETED_DEVICE_FAMILY = "1,2";
			};
			name = Release;
		};
/* End XCBuildConfiguration section */

/* Begin XCConfigurationList section */
		FA002D4920EC687900D0077A /* Build configuration list for PBXProject "ACScrollMenuView" */ = {
			isa = XCConfigurationList;
			buildConfigurations = (
				FA002D6220EC687A00D0077A /* Debug */,
				FA002D6320EC687A00D0077A /* Release */,
			);
			defaultConfigurationIsVisible = 0;
			defaultConfigurationName = Release;
		};
		FA002D6420EC687A00D0077A /* Build configuration list for PBXNativeTarget "ACScrollMenuView" */ = {
			isa = XCConfigurationList;
			buildConfigurations = (
				FA002D6520EC687A00D0077A /* Debug */,
				FA002D6620EC687A00D0077A /* Release */,
			);
			defaultConfigurationIsVisible = 0;
			defaultConfigurationName = Release;
		};
/* End XCConfigurationList section */
	};
	rootObject = FA002D4620EC687900D0077A /* Project object */;
}
